
Microsoft Visual Studio Solution File, Format Version 12.00
# Visual Studio Version 17
VisualStudioVersion = 17.12.35417.141 d17.12
MinimumVisualStudioVersion = 10.0.40219.1
Project("{FAE04EC0-301F-11D3-BF4B-00C04F79EFBC}") = "BlogCsAngular", "BlogCsAngular.csproj", "{D7761D28-AFC9-44E1-A7FD-F33B858C1EBE}"
EndProject
Project("{FAE04EC0-301F-11D3-BF4B-00C04F79EFBC}") = "BlogCsAngular.Service", "..\BlogCsAngular.Service\BlogCsAngular.Service.csproj", "{EB185EA6-0E30-460E-A0CF-69283E84DF11}"
EndProject
Project("{FAE04EC0-301F-11D3-BF4B-00C04F79EFBC}") = "BlogCsAngular.Data", "..\BlogCsAngular.Data\BlogCsAngular.Data.csproj", "{DB557ECA-3C89-49FB-9444-A781D99416D1}"
EndProject
Global
	GlobalSection(SolutionConfigurationPlatforms) = preSolution
		Debug|Any CPU = Debug|Any CPU
		Release|Any CPU = Release|Any CPU
	EndGlobalSection
	GlobalSection(ProjectConfigurationPlatforms) = postSolution
		{D7761D28-AFC9-44E1-A7FD-F33B858C1EBE}.Debug|Any CPU.ActiveCfg = Debug|Any CPU
		{D7761D28-AFC9-44E1-A7FD-F33B858C1EBE}.Debug|Any CPU.Build.0 = Debug|Any CPU
		{D7761D28-AFC9-44E1-A7FD-F33B858C1EBE}.Release|Any CPU.ActiveCfg = Release|Any CPU
		{D7761D28-AFC9-44E1-A7FD-F33B858C1EBE}.Release|Any CPU.Build.0 = Release|Any CPU
		{EB185EA6-0E30-460E-A0CF-69283E84DF11}.Debug|Any CPU.ActiveCfg = Debug|Any CPU
		{EB185EA6-0E30-460E-A0CF-69283E84DF11}.Debug|Any CPU.Build.0 = Debug|Any CPU
		{EB185EA6-0E30-460E-A0CF-69283E84DF11}.Release|Any CPU.ActiveCfg = Release|Any CPU
		{EB185EA6-0E30-460E-A0CF-69283E84DF11}.Release|Any CPU.Build.0 = Release|Any CPU
		{DB557ECA-3C89-49FB-9444-A781D99416D1}.Debug|Any CPU.ActiveCfg = Debug|Any CPU
		{DB557ECA-3C89-49FB-9444-A781D99416D1}.Debug|Any CPU.Build.0 = Debug|Any CPU
		{DB557ECA-3C89-49FB-9444-A781D99416D1}.Release|Any CPU.ActiveCfg = Release|Any CPU
		{DB557ECA-3C89-49FB-9444-A781D99416D1}.Release|Any CPU.Build.0 = Release|Any CPU
	EndGlobalSection
	GlobalSection(SolutionProperties) = preSolution
		HideSolutionNode = FALSE
	EndGlobalSection
EndGlobal
